
Microsoft Visual Studio Solution File, Format Version 12.00
# Visual Studio Version 17
VisualStudioVersion = 17.4.33213.308
MinimumVisualStudioVersion = 10.0.40219.1
Project("{FAE04EC0-301F-11D3-BF4B-00C04F79EFBC}") = "Week14", "Week14\Week14.csproj", "{C6050C47-E627-47A8-9715-D1276C4889EC}"
EndProject
Global
	GlobalSection(SolutionConfigurationPlatforms) = preSolution
		Debug|Any CPU = Debug|Any CPU
		Release|Any CPU = Release|Any CPU
	EndGlobalSection
	GlobalSection(ProjectConfigurationPlatforms) = postSolution
		{C6050C47-E627-47A8-9715-D1276C4889EC}.Debug|Any CPU.ActiveCfg = Debug|Any CPU
		{C6050C47-E627-47A8-9715-D1276C4889EC}.Debug|Any CPU.Build.0 = Debug|Any CPU
		{C6050C47-E627-47A8-9715-D1276C4889EC}.Release|Any CPU.ActiveCfg = Release|Any CPU
		{C6050C47-E627-47A8-9715-D1276C4889EC}.Release|Any CPU.Build.0 = Release|Any CPU
	EndGlobalSection
	GlobalSection(SolutionProperties) = preSolution
		HideSolutionNode = FALSE
	EndGlobalSection
	GlobalSection(ExtensibilityGlobals) = postSolution
		SolutionGuid = {DD996861-C541-490F-BBFF-5991B1889E90}
	EndGlobalSection
EndGlobal
